// !$*UTF8*$!
{
	archiveVersion = 1;
	classes = {
	};
	objectVersion = 56;
	objects = {

/* Begin PBXBuildFile section */
		078E066D641E8A352B05A904 /* KeyRecorderViewTests.swift in Sources */ = {isa = PBXBuildFile; fileRef = A75E6A854484E3D03D8A606F /* KeyRecorderViewTests.swift */; };
		3052DEBACF5511052EDEECEF /* AppLauncherProvider.swift in Sources */ = {isa = PBXBuildFile; fileRef = 2A1449ABE48B9D44215380D6 /* AppLauncherProvider.swift */; };
		37C4BA09529F049C83FA8446 /* GlobalHotkeyServiceTests.swift in Sources */ = {isa = PBXBuildFile; fileRef = 5E30A530F0213767E0551D5E /* GlobalHotkeyServiceTests.swift */; };
		43A45E9839A874C61D3732CF /* CommandProviding.swift in Sources */ = {isa = PBXBuildFile; fileRef = D5C1625818A6D6AA24F40EA2 /* CommandProviding.swift */; };
		444DAD4C57A69B27319B3AB1 /* CommandPaletteModelsTests.swift in Sources */ = {isa = PBXBuildFile; fileRef = C13E0161379495141C4E72FE /* CommandPaletteModelsTests.swift */; };
		5895D19288573E79C2B005FB /* AtlasCommandProviderTests.swift in Sources */ = {isa = PBXBuildFile; fileRef = B541902B47B612BFED45441B /* AtlasCommandProviderTests.swift */; };
		6B2139629E0BCDD1A37681BE /* KeyRecorderView.swift in Sources */ = {isa = PBXBuildFile; fileRef = 94C4D8FB21FE5A3384C0FC21 /* KeyRecorderView.swift */; };
		76E3235BC56D858AB71B4CF3 /* AppLauncherProviderTests.swift in Sources */ = {isa = PBXBuildFile; fileRef = 74A4917760DC5A6DA8BF67C2 /* AppLauncherProviderTests.swift */; };
		83CBBA201A601CBA00E9B192 /* AppFooter.swift in Sources */ = {isa = PBXBuildFile; fileRef = 83CBBA311A601CBA00E9B192 /* AppFooter.swift */; };
		83CBBA211A601CBA00E9B192 /* AtlasApp.swift in Sources */ = {isa = PBXBuildFile; fileRef = 83CBBA321A601CBA00E9B192 /* AtlasApp.swift */; };
		83CBBA221A601CBA00E9B192 /* AtlasBridge.swift in Sources */ = {isa = PBXBuildFile; fileRef = 83CBBA331A601CBA00E9B192 /* AtlasBridge.swift */; };
		83CBBA231A601CBA00E9B192 /* AtlasModule.swift in Sources */ = {isa = PBXBuildFile; fileRef = 83CBBA341A601CBA00E9B192 /* AtlasModule.swift */; };
		83CBBA241A601CBA00E9B192 /* ContentView.swift in Sources */ = {isa = PBXBuildFile; fileRef = 83CBBA351A601CBA00E9B192 /* ContentView.swift */; };
		83CBBA251A601CBA00E9B192 /* FeatureTogglePanel.swift in Sources */ = {isa = PBXBuildFile; fileRef = 83CBBA361A601CBA00E9B192 /* FeatureTogglePanel.swift */; };
		83CBBA261A601CBA00E9B192 /* MonitoringPanel.swift in Sources */ = {isa = PBXBuildFile; fileRef = 83CBBA371A601CBA00E9B192 /* MonitoringPanel.swift */; };
		83CBBA271A601CBA00E9B192 /* PortMasterPanel.swift in Sources */ = {isa = PBXBuildFile; fileRef = 83CBBA381A601CBA00E9B192 /* PortMasterPanel.swift */; };
		83CBBA281A601CBA00E9B192 /* ScreenshotPanel.swift in Sources */ = {isa = PBXBuildFile; fileRef = 83CBBA391A601CBA00E9B192 /* ScreenshotPanel.swift */; };
		83CBBA291A601CBA00E9B192 /* SelectionOverlay.swift in Sources */ = {isa = PBXBuildFile; fileRef = 83CBBA3A1A601CBA00E9B192 /* SelectionOverlay.swift */; };
		83CBBA2A1A601CBA00E9B192 /* SystemModels.swift in Sources */ = {isa = PBXBuildFile; fileRef = 83CBBA3B1A601CBA00E9B192 /* SystemModels.swift */; };
		83CBBA2B1A601CBA00E9B192 /* Assets.xcassets in Resources */ = {isa = PBXBuildFile; fileRef = 83CBBA3C1A601CBA00E9B192 /* Assets.xcassets */; };
		83CBBA2C1A601CBA00E9B192 /* ScreenshotModels.swift in Sources */ = {isa = PBXBuildFile; fileRef = 83CBBA3E1A601CBA00E9B192 /* ScreenshotModels.swift */; };
		83CBBA2D1A601CBA00E9B192 /* ScreenshotModelsTests.swift in Sources */ = {isa = PBXBuildFile; fileRef = 83CBBA3F1A601CBA00E9B192 /* ScreenshotModelsTests.swift */; };
		83CBBA641A601CBA00E9B192 /* ScreenshotOutputTests.swift in Sources */ = {isa = PBXBuildFile; fileRef = 83CBBA651A601CBA00E9B192 /* ScreenshotOutputTests.swift */; };
		83CBBA661A601CBA00E9B192 /* ScreenshotOutput.swift in Sources */ = {isa = PBXBuildFile; fileRef = 83CBBA671A601CBA00E9B192 /* ScreenshotOutput.swift */; };
		83CBBA681A601CBA00E9B192 /* AtlasBridgeCaptureTests.swift in Sources */ = {isa = PBXBuildFile; fileRef = 83CBBA691A601CBA00E9B192 /* AtlasBridgeCaptureTests.swift */; };
		83CBBA6B1A601CBA00E9B192 /* ScreenshotEditorView.swift in Sources */ = {isa = PBXBuildFile; fileRef = 83CBBA6A1A601CBA00E9B192 /* ScreenshotEditorView.swift */; };
		83CBBA6C1A601CBA00E9B192 /* PinnedScreenshotWindow.swift in Sources */ = {isa = PBXBuildFile; fileRef = 83CBBA6D1A601CBA00E9B192 /* PinnedScreenshotWindow.swift */; };
		83CBBA731A601CBA00E9B192 /* ScreenshotSelectionWindow.swift in Sources */ = {isa = PBXBuildFile; fileRef = 83CBBA721A601CBA00E9B192 /* ScreenshotSelectionWindow.swift */; };
		83CBBA751A601CBA00E9B192 /* ScreenshotEditorRendererTests.swift in Sources */ = {isa = PBXBuildFile; fileRef = 83CBBA741A601CBA00E9B192 /* ScreenshotEditorRendererTests.swift */; };
		83CBBA761A601CBA00E9B192 /* atlas.swift in Sources */ = {isa = PBXBuildFile; fileRef = 83CBBA781A601CBA00E9B192 /* atlas.swift */; };
		83CBBA771A601CBA00E9B192 /* libatlas_ffi.a in Frameworks */ = {isa = PBXBuildFile; fileRef = 83CBBA791A601CBA00E9B192 /* libatlas_ffi.a */; };
		83CBBA961A601CBA00E9B192 /* ScreenCaptureCoordinateMapper.swift in Sources */ = {isa = PBXBuildFile; fileRef = 83CBBA981A601CBA00E9B192 /* ScreenCaptureCoordinateMapper.swift */; };
		83CBBA971A601CBA00E9B192 /* ScreenCaptureCoordinateMapperTests.swift in Sources */ = {isa = PBXBuildFile; fileRef = 83CBBA991A601CBA00E9B192 /* ScreenCaptureCoordinateMapperTests.swift */; };
		83CBBA9A1A601CBA00E9B192 /* AtlasCaptureService.swift in Sources */ = {isa = PBXBuildFile; fileRef = 83CBBA9C1A601CBA00E9B192 /* AtlasCaptureService.swift */; };
		83CBBA9B1A601CBA00E9B192 /* AtlasCaptureServiceTests.swift in Sources */ = {isa = PBXBuildFile; fileRef = 83CBBA9D1A601CBA00E9B192 /* AtlasCaptureServiceTests.swift */; };
		83CBBAA01A601CBA00E9B192 /* ScreenshotCaptureMode.swift in Sources */ = {isa = PBXBuildFile; fileRef = 83CBBA9E1A601CBA00E9B192 /* ScreenshotCaptureMode.swift */; };
		83CBBAA11A601CBA00E9B192 /* ScreenshotCaptureModeTests.swift in Sources */ = {isa = PBXBuildFile; fileRef = 83CBBA9F1A601CBA00E9B192 /* ScreenshotCaptureModeTests.swift */; };
		83CBBAA21A601CBA00E9B192 /* WindowCaptureService.swift in Sources */ = {isa = PBXBuildFile; fileRef = 83CBBAA41A601CBA00E9B192 /* WindowCaptureService.swift */; };
		83CBBAA31A601CBA00E9B192 /* WindowCaptureServiceTests.swift in Sources */ = {isa = PBXBuildFile; fileRef = 83CBBAA51A601CBA00E9B192 /* WindowCaptureServiceTests.swift */; };
		83CBBAAA1A601CBA00E9B192 /* WindowSelectionWindow.swift in Sources */ = {isa = PBXBuildFile; fileRef = 83CBBAAB1A601CBA00E9B192 /* WindowSelectionWindow.swift */; };
		83CBBB011A601CBA00E9B192 /* MonitoringFFIMapper.swift in Sources */ = {isa = PBXBuildFile; fileRef = 83CBBB031A601CBA00E9B192 /* MonitoringFFIMapper.swift */; };
		83CBBB021A601CBA00E9B192 /* MonitoringFFIMapperTests.swift in Sources */ = {isa = PBXBuildFile; fileRef = 83CBBB041A601CBA00E9B192 /* MonitoringFFIMapperTests.swift */; };
		83CBBB051A601CBA00E9B192 /* MonitoringService.swift in Sources */ = {isa = PBXBuildFile; fileRef = 83CBBB071A601CBA00E9B192 /* MonitoringService.swift */; };
		83CBBB061A601CBA00E9B192 /* MonitoringServiceTests.swift in Sources */ = {isa = PBXBuildFile; fileRef = 83CBBB081A601CBA00E9B192 /* MonitoringServiceTests.swift */; };
		83CBBB091A601CBA00E9B192 /* AtlasBridgeMonitoringTests.swift in Sources */ = {isa = PBXBuildFile; fileRef = 83CBBB0A1A601CBA00E9B192 /* AtlasBridgeMonitoringTests.swift */; };
		83CBBB0B1A601CBA00E9B192 /* FeatureModels.swift in Sources */ = {isa = PBXBuildFile; fileRef = 83CBBB0D1A601CBA00E9B192 /* FeatureModels.swift */; };
		83CBBB0C1A601CBA00E9B192 /* FeatureModelsTests.swift in Sources */ = {isa = PBXBuildFile; fileRef = 83CBBB0E1A601CBA00E9B192 /* FeatureModelsTests.swift */; };
		83CBBB0F1A601CBA00E9B192 /* FeatureService.swift in Sources */ = {isa = PBXBuildFile; fileRef = 83CBBB111A601CBA00E9B192 /* FeatureService.swift */; };
		83CBBB101A601CBA00E9B192 /* FeatureServiceTests.swift in Sources */ = {isa = PBXBuildFile; fileRef = 83CBBB121A601CBA00E9B192 /* FeatureServiceTests.swift */; };
		83CBBB131A601CBA00E9B192 /* AtlasBridgeFeatureTests.swift in Sources */ = {isa = PBXBuildFile; fileRef = 83CBBB141A601CBA00E9B192 /* AtlasBridgeFeatureTests.swift */; };
		83CBBB151A601CBA00E9B192 /* FeatureState.swift in Sources */ = {isa = PBXBuildFile; fileRef = 83CBBB171A601CBA00E9B192 /* FeatureState.swift */; };
		83CBBB161A601CBA00E9B192 /* FeatureStateTests.swift in Sources */ = {isa = PBXBuildFile; fileRef = 83CBBB181A601CBA00E9B192 /* FeatureStateTests.swift */; };
		83CBBB191A601CBA00E9B192 /* SelectionGeometry.swift in Sources */ = {isa = PBXBuildFile; fileRef = 83CBBB1A1A601CBA00E9B192 /* SelectionGeometry.swift */; };
		83CBBB1B1A601CBA00E9B192 /* SelectionGeometryTests.swift in Sources */ = {isa = PBXBuildFile; fileRef = 83CBBB1C1A601CBA00E9B192 /* SelectionGeometryTests.swift */; };
		83CBBB1D1A601CBA00E9B192 /* SelectionPixelProbe.swift in Sources */ = {isa = PBXBuildFile; fileRef = 83CBBB1E1A601CBA00E9B192 /* SelectionPixelProbe.swift */; };
		83CBBB1F1A601CBA00E9B192 /* SelectionPixelProbeTests.swift in Sources */ = {isa = PBXBuildFile; fileRef = 83CBBB201A601CBA00E9B192 /* SelectionPixelProbeTests.swift */; };
		83CBBB211A601CBA00E9B192 /* SelectionKeyboardBridge.swift in Sources */ = {isa = PBXBuildFile; fileRef = 83CBBB221A601CBA00E9B192 /* SelectionKeyboardBridge.swift */; };
		83CBBB231A601CBA00E9B192 /* ScreenshotOCRService.swift in Sources */ = {isa = PBXBuildFile; fileRef = 83CBBB241A601CBA00E9B192 /* ScreenshotOCRService.swift */; };
		83CBBB251A601CBA00E9B192 /* ScreenshotOCRServiceTests.swift in Sources */ = {isa = PBXBuildFile; fileRef = 83CBBB261A601CBA00E9B192 /* ScreenshotOCRServiceTests.swift */; };
		83CBBB271A601CBA00E9B192 /* ScreenshotTranslationService.swift in Sources */ = {isa = PBXBuildFile; fileRef = 83CBBB281A601CBA00E9B192 /* ScreenshotTranslationService.swift */; };
		83CBBB291A601CBA00E9B192 /* ScreenshotTranslationServiceTests.swift in Sources */ = {isa = PBXBuildFile; fileRef = 83CBBB2A1A601CBA00E9B192 /* ScreenshotTranslationServiceTests.swift */; };
		83CBBB2B1A601CBA00E9B192 /* ScreenshotHTTPTranslationProviderTests.swift in Sources */ = {isa = PBXBuildFile; fileRef = 83CBBB2C1A601CBA00E9B192 /* ScreenshotHTTPTranslationProviderTests.swift */; };
		83CBBB2D1A601CBA00E9B192 /* ScreenshotHTTPTranslationProvider.swift in Sources */ = {isa = PBXBuildFile; fileRef = 83CBBB2E1A601CBA00E9B192 /* ScreenshotHTTPTranslationProvider.swift */; };
		83CBBB301A601CBA00E9B192 /* ScreenshotTranslationConfigurationTests.swift in Sources */ = {isa = PBXBuildFile; fileRef = 83CBBB311A601CBA00E9B192 /* ScreenshotTranslationConfigurationTests.swift */; };
		83CBBB321A601CBA00E9B192 /* ScreenshotTranslationConfiguration.swift in Sources */ = {isa = PBXBuildFile; fileRef = 83CBBB331A601CBA00E9B192 /* ScreenshotTranslationConfiguration.swift */; };
		83CBBB341A601CBA00E9B192 /* TranslationSettingsPanelTests.swift in Sources */ = {isa = PBXBuildFile; fileRef = 83CBBB351A601CBA00E9B192 /* TranslationSettingsPanelTests.swift */; };
		83CBBB361A601CBA00E9B192 /* TranslationSettingsPanel.swift in Sources */ = {isa = PBXBuildFile; fileRef = 83CBBB371A601CBA00E9B192 /* TranslationSettingsPanel.swift */; };
		83CBBB381A601CBA00E9B192 /* ScreenshotFeatureSettings.swift in Sources */ = {isa = PBXBuildFile; fileRef = 83CBBB391A601CBA00E9B192 /* ScreenshotFeatureSettings.swift */; };
		83CBBB3A1A601CBA00E9B192 /* ScreenshotFeatureSettingsTests.swift in Sources */ = {isa = PBXBuildFile; fileRef = 83CBBB3B1A601CBA00E9B192 /* ScreenshotFeatureSettingsTests.swift */; };
		83CBBB3C1A601CBA00E9B192 /* ScreenshotFeatureSettingsPanel.swift in Sources */ = {isa = PBXBuildFile; fileRef = 83CBBB3D1A601CBA00E9B192 /* ScreenshotFeatureSettingsPanel.swift */; };
		83CBBB3E1A601CBA00E9B192 /* ScreenshotFeatureSettingsPanelTests.swift in Sources */ = {isa = PBXBuildFile; fileRef = 83CBBB3F1A601CBA00E9B192 /* ScreenshotFeatureSettingsPanelTests.swift */; };
		83CBBBA01A601CBA00E9B192 /* ScreenshotLibrary.swift in Sources */ = {isa = PBXBuildFile; fileRef = 83CBBBA11A601CBA00E9B192 /* ScreenshotLibrary.swift */; };
		83CBBBA21A601CBA00E9B192 /* ScreenshotLibraryTests.swift in Sources */ = {isa = PBXBuildFile; fileRef = 83CBBBA31A601CBA00E9B192 /* ScreenshotLibraryTests.swift */; };
		83CBBBA41A601CBA00E9B192 /* ScreenshotLibraryPanel.swift in Sources */ = {isa = PBXBuildFile; fileRef = 83CBBBA51A601CBA00E9B192 /* ScreenshotLibraryPanel.swift */; };
		83CBBBA61A601CBA00E9B192 /* ScreenshotLibraryPanelTests.swift in Sources */ = {isa = PBXBuildFile; fileRef = 83CBBBA71A601CBA00E9B192 /* ScreenshotLibraryPanelTests.swift */; };
		83CBBBB01A601CBA00E9B192 /* FloatingScreenshotThumbnailWindow.swift in Sources */ = {isa = PBXBuildFile; fileRef = 83CBBBB11A601CBA00E9B192 /* FloatingScreenshotThumbnailWindow.swift */; };
		83CBBBB21A601CBA00E9B192 /* FloatingScreenshotThumbnailWindowTests.swift in Sources */ = {isa = PBXBuildFile; fileRef = 83CBBBB31A601CBA00E9B192 /* FloatingScreenshotThumbnailWindowTests.swift */; };
		83CBBC011A601CBA00E9B192 /* ScreenshotDragOutput.swift in Sources */ = {isa = PBXBuildFile; fileRef = 83CBBC001A601CBA00E9B192 /* ScreenshotDragOutput.swift */; };
		83CBBC031A601CBA00E9B192 /* ScreenshotDragOutputTests.swift in Sources */ = {isa = PBXBuildFile; fileRef = 83CBBC021A601CBA00E9B192 /* ScreenshotDragOutputTests.swift */; };
		83CBBD011A601CBA00E9B192 /* AtlasSettingsView.swift in Sources */ = {isa = PBXBuildFile; fileRef = 83CBBD001A601CBA00E9B192 /* AtlasSettingsView.swift */; };
		83CBBD031A601CBA00E9B192 /* GlobalHotkeyService.swift in Sources */ = {isa = PBXBuildFile; fileRef = 83CBBD021A601CBA00E9B192 /* GlobalHotkeyService.swift */; };
		8909E1D5DE07DA956392B285 /* AtlasCommandProvider.swift in Sources */ = {isa = PBXBuildFile; fileRef = FBDF9E2A609A5F89E4AB4EB4 /* AtlasCommandProvider.swift */; };
		94024FC42A48A5F2D890B4E4 /* ClipboardHistoryProviderTests.swift in Sources */ = {isa = PBXBuildFile; fileRef = 7197E28D112572E9204A1D59 /* ClipboardHistoryProviderTests.swift */; };
		962254E057A4493AADD41FE8 /* ClipboardHistoryProvider.swift in Sources */ = {isa = PBXBuildFile; fileRef = C2E5198BF1CF97561A125138 /* ClipboardHistoryProvider.swift */; };
		A5D2DFDBF2E5A77B59A4F18A /* CommandPaletteView.swift in Sources */ = {isa = PBXBuildFile; fileRef = 031B7187C4C806700C9B0708 /* CommandPaletteView.swift */; };
		A9791A3F33C8D79679756A8D /* CommandPaletteModels.swift in Sources */ = {isa = PBXBuildFile; fileRef = CFC25DD80558691BEFCD5E41 /* CommandPaletteModels.swift */; };
		F34EA7F848DFDFE7A0732462 /* CommandPaletteController.swift in Sources */ = {isa = PBXBuildFile; fileRef = 6E276FD7ABA37B12C6847A63 /* CommandPaletteController.swift */; };
/* End PBXBuildFile section */

/* Begin PBXContainerItemProxy section */
		83CBBA631A601CBA00E9B192 /* PBXContainerItemProxy */ = {
			isa = PBXContainerItemProxy;
			containerPortal = 83CBBA701A601CBA00E9B192 /* Project object */;
			proxyType = 1;
			remoteGlobalIDString = 83CBBA601A601CBA00E9B192;
			remoteInfo = Atlas;
		};
/* End PBXContainerItemProxy section */

/* Begin PBXFileReference section */
		031B7187C4C806700C9B0708 /* CommandPaletteView.swift */ = {isa = PBXFileReference; includeInIndex = 1; lastKnownFileType = sourcecode.swift; path = CommandPaletteView.swift; sourceTree = "<group>"; };
		2A1449ABE48B9D44215380D6 /* AppLauncherProvider.swift */ = {isa = PBXFileReference; includeInIndex = 1; lastKnownFileType = sourcecode.swift; path = AppLauncherProvider.swift; sourceTree = "<group>"; };
		5E30A530F0213767E0551D5E /* GlobalHotkeyServiceTests.swift */ = {isa = PBXFileReference; includeInIndex = 1; lastKnownFileType = sourcecode.swift; path = GlobalHotkeyServiceTests.swift; sourceTree = "<group>"; };
		6E276FD7ABA37B12C6847A63 /* CommandPaletteController.swift */ = {isa = PBXFileReference; includeInIndex = 1; lastKnownFileType = sourcecode.swift; path = CommandPaletteController.swift; sourceTree = "<group>"; };
		7197E28D112572E9204A1D59 /* ClipboardHistoryProviderTests.swift */ = {isa = PBXFileReference; includeInIndex = 1; lastKnownFileType = sourcecode.swift; path = ClipboardHistoryProviderTests.swift; sourceTree = "<group>"; };
		74A4917760DC5A6DA8BF67C2 /* AppLauncherProviderTests.swift */ = {isa = PBXFileReference; includeInIndex = 1; lastKnownFileType = sourcecode.swift; path = AppLauncherProviderTests.swift; sourceTree = "<group>"; };
		83CBBA301A601CBA00E9B192 /* Atlas.app */ = {isa = PBXFileReference; explicitFileType = wrapper.application; includeInIndex = 0; path = Atlas.app; sourceTree = BUILT_PRODUCTS_DIR; };
		83CBBA311A601CBA00E9B192 /* AppFooter.swift */ = {isa = PBXFileReference; lastKnownFileType = sourcecode.swift; path = AppFooter.swift; sourceTree = "<group>"; };
		83CBBA321A601CBA00E9B192 /* AtlasApp.swift */ = {isa = PBXFileReference; lastKnownFileType = sourcecode.swift; path = AtlasApp.swift; sourceTree = "<group>"; };
		83CBBA331A601CBA00E9B192 /* AtlasBridge.swift */ = {isa = PBXFileReference; lastKnownFileType = sourcecode.swift; path = AtlasBridge.swift; sourceTree = "<group>"; };
		83CBBA341A601CBA00E9B192 /* AtlasModule.swift */ = {isa = PBXFileReference; lastKnownFileType = sourcecode.swift; path = AtlasModule.swift; sourceTree = "<group>"; };
		83CBBA351A601CBA00E9B192 /* ContentView.swift */ = {isa = PBXFileReference; lastKnownFileType = sourcecode.swift; path = ContentView.swift; sourceTree = "<group>"; };
		83CBBA361A601CBA00E9B192 /* FeatureTogglePanel.swift */ = {isa = PBXFileReference; lastKnownFileType = sourcecode.swift; path = FeatureTogglePanel.swift; sourceTree = "<group>"; };
		83CBBA371A601CBA00E9B192 /* MonitoringPanel.swift */ = {isa = PBXFileReference; lastKnownFileType = sourcecode.swift; path = MonitoringPanel.swift; sourceTree = "<group>"; };
		83CBBA381A601CBA00E9B192 /* PortMasterPanel.swift */ = {isa = PBXFileReference; lastKnownFileType = sourcecode.swift; path = PortMasterPanel.swift; sourceTree = "<group>"; };
		83CBBA391A601CBA00E9B192 /* ScreenshotPanel.swift */ = {isa = PBXFileReference; lastKnownFileType = sourcecode.swift; path = ScreenshotPanel.swift; sourceTree = "<group>"; };
		83CBBA3A1A601CBA00E9B192 /* SelectionOverlay.swift */ = {isa = PBXFileReference; lastKnownFileType = sourcecode.swift; path = SelectionOverlay.swift; sourceTree = "<group>"; };
		83CBBA3B1A601CBA00E9B192 /* SystemModels.swift */ = {isa = PBXFileReference; lastKnownFileType = sourcecode.swift; path = SystemModels.swift; sourceTree = "<group>"; };
		83CBBA3C1A601CBA00E9B192 /* Assets.xcassets */ = {isa = PBXFileReference; lastKnownFileType = folder.assetcatalog; path = Assets.xcassets; sourceTree = "<group>"; };
		83CBBA3D1A601CBA00E9B192 /* Atlas.entitlements */ = {isa = PBXFileReference; lastKnownFileType = text.plist.entitlements; path = Atlas.entitlements; sourceTree = "<group>"; };
		83CBBA3E1A601CBA00E9B192 /* ScreenshotModels.swift */ = {isa = PBXFileReference; lastKnownFileType = sourcecode.swift; path = ScreenshotModels.swift; sourceTree = "<group>"; };
		83CBBA3F1A601CBA00E9B192 /* ScreenshotModelsTests.swift */ = {isa = PBXFileReference; lastKnownFileType = sourcecode.swift; path = ScreenshotModelsTests.swift; sourceTree = "<group>"; };
		83CBBA4A1A601CBA00E9B192 /* AtlasTests.xctest */ = {isa = PBXFileReference; explicitFileType = wrapper.cfbundle; includeInIndex = 0; path = AtlasTests.xctest; sourceTree = BUILT_PRODUCTS_DIR; };
		83CBBA651A601CBA00E9B192 /* ScreenshotOutputTests.swift */ = {isa = PBXFileReference; lastKnownFileType = sourcecode.swift; path = ScreenshotOutputTests.swift; sourceTree = "<group>"; };
		83CBBA671A601CBA00E9B192 /* ScreenshotOutput.swift */ = {isa = PBXFileReference; lastKnownFileType = sourcecode.swift; path = ScreenshotOutput.swift; sourceTree = "<group>"; };
		83CBBA691A601CBA00E9B192 /* AtlasBridgeCaptureTests.swift */ = {isa = PBXFileReference; lastKnownFileType = sourcecode.swift; path = AtlasBridgeCaptureTests.swift; sourceTree = "<group>"; };
		83CBBA6A1A601CBA00E9B192 /* ScreenshotEditorView.swift */ = {isa = PBXFileReference; lastKnownFileType = sourcecode.swift; path = ScreenshotEditorView.swift; sourceTree = "<group>"; };
		83CBBA6D1A601CBA00E9B192 /* PinnedScreenshotWindow.swift */ = {isa = PBXFileReference; lastKnownFileType = sourcecode.swift; path = PinnedScreenshotWindow.swift; sourceTree = "<group>"; };
		83CBBA721A601CBA00E9B192 /* ScreenshotSelectionWindow.swift */ = {isa = PBXFileReference; lastKnownFileType = sourcecode.swift; path = ScreenshotSelectionWindow.swift; sourceTree = "<group>"; };
		83CBBA741A601CBA00E9B192 /* ScreenshotEditorRendererTests.swift */ = {isa = PBXFileReference; lastKnownFileType = sourcecode.swift; path = ScreenshotEditorRendererTests.swift; sourceTree = "<group>"; };
		83CBBA781A601CBA00E9B192 /* atlas.swift */ = {isa = PBXFileReference; lastKnownFileType = sourcecode.swift; path = atlas.swift; sourceTree = "<group>"; };
		83CBBA791A601CBA00E9B192 /* libatlas_ffi.a */ = {isa = PBXFileReference; lastKnownFileType = archive.ar; path = libatlas_ffi.a; sourceTree = "<group>"; };
		83CBBA7A1A601CBA00E9B192 /* atlasFFI.h */ = {isa = PBXFileReference; lastKnownFileType = sourcecode.c.h; path = atlasFFI.h; sourceTree = "<group>"; };
		83CBBA7B1A601CBA00E9B192 /* atlas_ffi.modulemap */ = {isa = PBXFileReference; lastKnownFileType = "sourcecode.module-map"; path = atlas_ffi.modulemap; sourceTree = "<group>"; };
		83CBBA7C1A601CBA00E9B192 /* module.modulemap */ = {isa = PBXFileReference; lastKnownFileType = "sourcecode.module-map"; path = module.modulemap; sourceTree = "<group>"; };
		83CBBA981A601CBA00E9B192 /* ScreenCaptureCoordinateMapper.swift */ = {isa = PBXFileReference; lastKnownFileType = sourcecode.swift; path = ScreenCaptureCoordinateMapper.swift; sourceTree = "<group>"; };
		83CBBA991A601CBA00E9B192 /* ScreenCaptureCoordinateMapperTests.swift */ = {isa = PBXFileReference; lastKnownFileType = sourcecode.swift; path = ScreenCaptureCoordinateMapperTests.swift; sourceTree = "<group>"; };
		83CBBA9C1A601CBA00E9B192 /* AtlasCaptureService.swift */ = {isa = PBXFileReference; lastKnownFileType = sourcecode.swift; path = AtlasCaptureService.swift; sourceTree = "<group>"; };
		83CBBA9D1A601CBA00E9B192 /* AtlasCaptureServiceTests.swift */ = {isa = PBXFileReference; lastKnownFileType = sourcecode.swift; path = AtlasCaptureServiceTests.swift; sourceTree = "<group>"; };
		83CBBA9E1A601CBA00E9B192 /* ScreenshotCaptureMode.swift */ = {isa = PBXFileReference; lastKnownFileType = sourcecode.swift; path = ScreenshotCaptureMode.swift; sourceTree = "<group>"; };
		83CBBA9F1A601CBA00E9B192 /* ScreenshotCaptureModeTests.swift */ = {isa = PBXFileReference; lastKnownFileType = sourcecode.swift; path = ScreenshotCaptureModeTests.swift; sourceTree = "<group>"; };
		83CBBAA41A601CBA00E9B192 /* WindowCaptureService.swift */ = {isa = PBXFileReference; lastKnownFileType = sourcecode.swift; path = WindowCaptureService.swift; sourceTree = "<group>"; };
		83CBBAA51A601CBA00E9B192 /* WindowCaptureServiceTests.swift */ = {isa = PBXFileReference; lastKnownFileType = sourcecode.swift; path = WindowCaptureServiceTests.swift; sourceTree = "<group>"; };
		83CBBAAB1A601CBA00E9B192 /* WindowSelectionWindow.swift */ = {isa = PBXFileReference; lastKnownFileType = sourcecode.swift; path = WindowSelectionWindow.swift; sourceTree = "<group>"; };
		83CBBB031A601CBA00E9B192 /* MonitoringFFIMapper.swift */ = {isa = PBXFileReference; lastKnownFileType = sourcecode.swift; path = MonitoringFFIMapper.swift; sourceTree = "<group>"; };
		83CBBB041A601CBA00E9B192 /* MonitoringFFIMapperTests.swift */ = {isa = PBXFileReference; lastKnownFileType = sourcecode.swift; path = MonitoringFFIMapperTests.swift; sourceTree = "<group>"; };
		83CBBB071A601CBA00E9B192 /* MonitoringService.swift */ = {isa = PBXFileReference; lastKnownFileType = sourcecode.swift; path = MonitoringService.swift; sourceTree = "<group>"; };
		83CBBB081A601CBA00E9B192 /* MonitoringServiceTests.swift */ = {isa = PBXFileReference; lastKnownFileType = sourcecode.swift; path = MonitoringServiceTests.swift; sourceTree = "<group>"; };
		83CBBB0A1A601CBA00E9B192 /* AtlasBridgeMonitoringTests.swift */ = {isa = PBXFileReference; lastKnownFileType = sourcecode.swift; path = AtlasBridgeMonitoringTests.swift; sourceTree = "<group>"; };
		83CBBB0D1A601CBA00E9B192 /* FeatureModels.swift */ = {isa = PBXFileReference; lastKnownFileType = sourcecode.swift; path = FeatureModels.swift; sourceTree = "<group>"; };
		83CBBB0E1A601CBA00E9B192 /* FeatureModelsTests.swift */ = {isa = PBXFileReference; lastKnownFileType = sourcecode.swift; path = FeatureModelsTests.swift; sourceTree = "<group>"; };
		83CBBB111A601CBA00E9B192 /* FeatureService.swift */ = {isa = PBXFileReference; lastKnownFileType = sourcecode.swift; path = FeatureService.swift; sourceTree = "<group>"; };
		83CBBB121A601CBA00E9B192 /* FeatureServiceTests.swift */ = {isa = PBXFileReference; lastKnownFileType = sourcecode.swift; path = FeatureServiceTests.swift; sourceTree = "<group>"; };
		83CBBB141A601CBA00E9B192 /* AtlasBridgeFeatureTests.swift */ = {isa = PBXFileReference; lastKnownFileType = sourcecode.swift; path = AtlasBridgeFeatureTests.swift; sourceTree = "<group>"; };
		83CBBB171A601CBA00E9B192 /* FeatureState.swift */ = {isa = PBXFileReference; lastKnownFileType = sourcecode.swift; path = FeatureState.swift; sourceTree = "<group>"; };
		83CBBB181A601CBA00E9B192 /* FeatureStateTests.swift */ = {isa = PBXFileReference; lastKnownFileType = sourcecode.swift; path = FeatureStateTests.swift; sourceTree = "<group>"; };
		83CBBB1A1A601CBA00E9B192 /* SelectionGeometry.swift */ = {isa = PBXFileReference; lastKnownFileType = sourcecode.swift; path = SelectionGeometry.swift; sourceTree = "<group>"; };
		83CBBB1C1A601CBA00E9B192 /* SelectionGeometryTests.swift */ = {isa = PBXFileReference; lastKnownFileType = sourcecode.swift; path = SelectionGeometryTests.swift; sourceTree = "<group>"; };
		83CBBB1E1A601CBA00E9B192 /* SelectionPixelProbe.swift */ = {isa = PBXFileReference; lastKnownFileType = sourcecode.swift; path = SelectionPixelProbe.swift; sourceTree = "<group>"; };
		83CBBB201A601CBA00E9B192 /* SelectionPixelProbeTests.swift */ = {isa = PBXFileReference; lastKnownFileType = sourcecode.swift; path = SelectionPixelProbeTests.swift; sourceTree = "<group>"; };
		83CBBB221A601CBA00E9B192 /* SelectionKeyboardBridge.swift */ = {isa = PBXFileReference; lastKnownFileType = sourcecode.swift; path = SelectionKeyboardBridge.swift; sourceTree = "<group>"; };
		83CBBB241A601CBA00E9B192 /* ScreenshotOCRService.swift */ = {isa = PBXFileReference; lastKnownFileType = sourcecode.swift; path = ScreenshotOCRService.swift; sourceTree = "<group>"; };
		83CBBB261A601CBA00E9B192 /* ScreenshotOCRServiceTests.swift */ = {isa = PBXFileReference; lastKnownFileType = sourcecode.swift; path = ScreenshotOCRServiceTests.swift; sourceTree = "<group>"; };
		83CBBB281A601CBA00E9B192 /* ScreenshotTranslationService.swift */ = {isa = PBXFileReference; lastKnownFileType = sourcecode.swift; path = ScreenshotTranslationService.swift; sourceTree = "<group>"; };
		83CBBB2A1A601CBA00E9B192 /* ScreenshotTranslationServiceTests.swift */ = {isa = PBXFileReference; lastKnownFileType = sourcecode.swift; path = ScreenshotTranslationServiceTests.swift; sourceTree = "<group>"; };
		83CBBB2C1A601CBA00E9B192 /* ScreenshotHTTPTranslationProviderTests.swift */ = {isa = PBXFileReference; lastKnownFileType = sourcecode.swift; path = ScreenshotHTTPTranslationProviderTests.swift; sourceTree = "<group>"; };
		83CBBB2E1A601CBA00E9B192 /* ScreenshotHTTPTranslationProvider.swift */ = {isa = PBXFileReference; lastKnownFileType = sourcecode.swift; path = ScreenshotHTTPTranslationProvider.swift; sourceTree = "<group>"; };
		83CBBB311A601CBA00E9B192 /* ScreenshotTranslationConfigurationTests.swift */ = {isa = PBXFileReference; lastKnownFileType = sourcecode.swift; path = ScreenshotTranslationConfigurationTests.swift; sourceTree = "<group>"; };
		83CBBB331A601CBA00E9B192 /* ScreenshotTranslationConfiguration.swift */ = {isa = PBXFileReference; lastKnownFileType = sourcecode.swift; path = ScreenshotTranslationConfiguration.swift; sourceTree = "<group>"; };
		83CBBB351A601CBA00E9B192 /* TranslationSettingsPanelTests.swift */ = {isa = PBXFileReference; lastKnownFileType = sourcecode.swift; path = TranslationSettingsPanelTests.swift; sourceTree = "<group>"; };
		83CBBB371A601CBA00E9B192 /* TranslationSettingsPanel.swift */ = {isa = PBXFileReference; lastKnownFileType = sourcecode.swift; path = TranslationSettingsPanel.swift; sourceTree = "<group>"; };
		83CBBB391A601CBA00E9B192 /* ScreenshotFeatureSettings.swift */ = {isa = PBXFileReference; lastKnownFileType = sourcecode.swift; path = ScreenshotFeatureSettings.swift; sourceTree = "<group>"; };
		83CBBB3B1A601CBA00E9B192 /* ScreenshotFeatureSettingsTests.swift */ = {isa = PBXFileReference; lastKnownFileType = sourcecode.swift; path = ScreenshotFeatureSettingsTests.swift; sourceTree = "<group>"; };
		83CBBB3D1A601CBA00E9B192 /* ScreenshotFeatureSettingsPanel.swift */ = {isa = PBXFileReference; lastKnownFileType = sourcecode.swift; path = ScreenshotFeatureSettingsPanel.swift; sourceTree = "<group>"; };
		83CBBB3F1A601CBA00E9B192 /* ScreenshotFeatureSettingsPanelTests.swift */ = {isa = PBXFileReference; lastKnownFileType = sourcecode.swift; path = ScreenshotFeatureSettingsPanelTests.swift; sourceTree = "<group>"; };
		83CBBBA11A601CBA00E9B192 /* ScreenshotLibrary.swift */ = {isa = PBXFileReference; lastKnownFileType = sourcecode.swift; path = ScreenshotLibrary.swift; sourceTree = "<group>"; };
		83CBBBA31A601CBA00E9B192 /* ScreenshotLibraryTests.swift */ = {isa = PBXFileReference; lastKnownFileType = sourcecode.swift; path = ScreenshotLibraryTests.swift; sourceTree = "<group>"; };
		83CBBBA51A601CBA00E9B192 /* ScreenshotLibraryPanel.swift */ = {isa = PBXFileReference; lastKnownFileType = sourcecode.swift; path = ScreenshotLibraryPanel.swift; sourceTree = "<group>"; };
		83CBBBA71A601CBA00E9B192 /* ScreenshotLibraryPanelTests.swift */ = {isa = PBXFileReference; lastKnownFileType = sourcecode.swift; path = ScreenshotLibraryPanelTests.swift; sourceTree = "<group>"; };
		83CBBBB11A601CBA00E9B192 /* FloatingScreenshotThumbnailWindow.swift */ = {isa = PBXFileReference; lastKnownFileType = sourcecode.swift; path = FloatingScreenshotThumbnailWindow.swift; sourceTree = "<group>"; };
		83CBBBB31A601CBA00E9B192 /* FloatingScreenshotThumbnailWindowTests.swift */ = {isa = PBXFileReference; lastKnownFileType = sourcecode.swift; path = FloatingScreenshotThumbnailWindowTests.swift; sourceTree = "<group>"; };
		83CBBC001A601CBA00E9B192 /* ScreenshotDragOutput.swift */ = {isa = PBXFileReference; lastKnownFileType = sourcecode.swift; path = ScreenshotDragOutput.swift; sourceTree = "<group>"; };
		83CBBC021A601CBA00E9B192 /* ScreenshotDragOutputTests.swift */ = {isa = PBXFileReference; lastKnownFileType = sourcecode.swift; path = ScreenshotDragOutputTests.swift; sourceTree = "<group>"; };
		83CBBD001A601CBA00E9B192 /* AtlasSettingsView.swift */ = {isa = PBXFileReference; lastKnownFileType = sourcecode.swift; path = AtlasSettingsView.swift; sourceTree = "<group>"; };
		83CBBD021A601CBA00E9B192 /* GlobalHotkeyService.swift */ = {isa = PBXFileReference; lastKnownFileType = sourcecode.swift; path = GlobalHotkeyService.swift; sourceTree = "<group>"; };
		94C4D8FB21FE5A3384C0FC21 /* KeyRecorderView.swift */ = {isa = PBXFileReference; includeInIndex = 1; lastKnownFileType = sourcecode.swift; path = KeyRecorderView.swift; sourceTree = "<group>"; };
		A75E6A854484E3D03D8A606F /* KeyRecorderViewTests.swift */ = {isa = PBXFileReference; includeInIndex = 1; lastKnownFileType = sourcecode.swift; path = KeyRecorderViewTests.swift; sourceTree = "<group>"; };
		B541902B47B612BFED45441B /* AtlasCommandProviderTests.swift */ = {isa = PBXFileReference; includeInIndex = 1; lastKnownFileType = sourcecode.swift; path = AtlasCommandProviderTests.swift; sourceTree = "<group>"; };
		C13E0161379495141C4E72FE /* CommandPaletteModelsTests.swift */ = {isa = PBXFileReference; includeInIndex = 1; lastKnownFileType = sourcecode.swift; path = CommandPaletteModelsTests.swift; sourceTree = "<group>"; };
		C2E5198BF1CF97561A125138 /* ClipboardHistoryProvider.swift */ = {isa = PBXFileReference; includeInIndex = 1; lastKnownFileType = sourcecode.swift; path = ClipboardHistoryProvider.swift; sourceTree = "<group>"; };
		CFC25DD80558691BEFCD5E41 /* CommandPaletteModels.swift */ = {isa = PBXFileReference; includeInIndex = 1; lastKnownFileType = sourcecode.swift; path = CommandPaletteModels.swift; sourceTree = "<group>"; };
		D5C1625818A6D6AA24F40EA2 /* CommandProviding.swift */ = {isa = PBXFileReference; includeInIndex = 1; lastKnownFileType = sourcecode.swift; path = CommandProviding.swift; sourceTree = "<group>"; };
		FBDF9E2A609A5F89E4AB4EB4 /* AtlasCommandProvider.swift */ = {isa = PBXFileReference; includeInIndex = 1; lastKnownFileType = sourcecode.swift; path = AtlasCommandProvider.swift; sourceTree = "<group>"; };
/* End PBXFileReference section */

/* Begin PBXFrameworksBuildPhase section */
		83CBBA411A601CBA00E9B192 /* Frameworks */ = {
			isa = PBXFrameworksBuildPhase;
			buildActionMask = 2147483647;
			files = (
				83CBBA771A601CBA00E9B192 /* libatlas_ffi.a in Frameworks */,
			);
			runOnlyForDeploymentPostprocessing = 0;
		};
		83CBBA431A601CBA00E9B192 /* Frameworks */ = {
			isa = PBXFrameworksBuildPhase;
			buildActionMask = 2147483647;
			files = (
			);
			runOnlyForDeploymentPostprocessing = 0;
		};
/* End PBXFrameworksBuildPhase section */

/* Begin PBXGroup section */
		6FADC86DBF6AF3EA16F0D67A /* CommandPalette */ = {
			isa = PBXGroup;
			children = (
				D5C1625818A6D6AA24F40EA2 /* CommandProviding.swift */,
				CFC25DD80558691BEFCD5E41 /* CommandPaletteModels.swift */,
				FBDF9E2A609A5F89E4AB4EB4 /* AtlasCommandProvider.swift */,
				2A1449ABE48B9D44215380D6 /* AppLauncherProvider.swift */,
				94C4D8FB21FE5A3384C0FC21 /* KeyRecorderView.swift */,
				031B7187C4C806700C9B0708 /* CommandPaletteView.swift */,
				6E276FD7ABA37B12C6847A63 /* CommandPaletteController.swift */,
				C2E5198BF1CF97561A125138 /* ClipboardHistoryProvider.swift */,
			);
			name = CommandPalette;
			path = CommandPalette;
			sourceTree = "<group>";
		};
		83CBBA501A601CBA00E9B192 = {
			isa = PBXGroup;
			children = (
				83CBBA521A601CBA00E9B192 /* Atlas */,
				83CBBA531A601CBA00E9B192 /* AtlasTests */,
				83CBBA7D1A601CBA00E9B192 /* Generated */,
				83CBBA511A601CBA00E9B192 /* Products */,
			);
			sourceTree = "<group>";
		};
		83CBBA511A601CBA00E9B192 /* Products */ = {
			isa = PBXGroup;
			children = (
				83CBBA301A601CBA00E9B192 /* Atlas.app */,
				83CBBA4A1A601CBA00E9B192 /* AtlasTests.xctest */,
			);
			name = Products;
			sourceTree = "<group>";
		};
		83CBBA521A601CBA00E9B192 /* Atlas */ = {
			isa = PBXGroup;
			children = (
				83CBBA321A601CBA00E9B192 /* AtlasApp.swift */,
				83CBBA351A601CBA00E9B192 /* ContentView.swift */,
				83CBBA331A601CBA00E9B192 /* AtlasBridge.swift */,
				83CBBA9C1A601CBA00E9B192 /* AtlasCaptureService.swift */,
				83CBBAA41A601CBA00E9B192 /* WindowCaptureService.swift */,
				83CBBA341A601CBA00E9B192 /* AtlasModule.swift */,
				83CBBA311A601CBA00E9B192 /* AppFooter.swift */,
				83CBBD021A601CBA00E9B192 /* GlobalHotkeyService.swift */,
				83CBBD001A601CBA00E9B192 /* AtlasSettingsView.swift */,
				83CBBB0D1A601CBA00E9B192 /* FeatureModels.swift */,
				83CBBB171A601CBA00E9B192 /* FeatureState.swift */,
				83CBBB111A601CBA00E9B192 /* FeatureService.swift */,
				83CBBA361A601CBA00E9B192 /* FeatureTogglePanel.swift */,
				83CBBB031A601CBA00E9B192 /* MonitoringFFIMapper.swift */,
				83CBBB071A601CBA00E9B192 /* MonitoringService.swift */,
				83CBBA371A601CBA00E9B192 /* MonitoringPanel.swift */,
				83CBBA381A601CBA00E9B192 /* PortMasterPanel.swift */,
				83CBBA391A601CBA00E9B192 /* ScreenshotPanel.swift */,
				83CBBB391A601CBA00E9B192 /* ScreenshotFeatureSettings.swift */,
				83CBBB3D1A601CBA00E9B192 /* ScreenshotFeatureSettingsPanel.swift */,
				83CBBBA11A601CBA00E9B192 /* ScreenshotLibrary.swift */,
				83CBBBA51A601CBA00E9B192 /* ScreenshotLibraryPanel.swift */,
				83CBBBB11A601CBA00E9B192 /* FloatingScreenshotThumbnailWindow.swift */,
				83CBBA981A601CBA00E9B192 /* ScreenCaptureCoordinateMapper.swift */,
				83CBBA9E1A601CBA00E9B192 /* ScreenshotCaptureMode.swift */,
				83CBBC001A601CBA00E9B192 /* ScreenshotDragOutput.swift */,
				83CBBA3E1A601CBA00E9B192 /* ScreenshotModels.swift */,
				83CBBA6A1A601CBA00E9B192 /* ScreenshotEditorView.swift */,
				83CBBA671A601CBA00E9B192 /* ScreenshotOutput.swift */,
				83CBBB241A601CBA00E9B192 /* ScreenshotOCRService.swift */,
				83CBBB2E1A601CBA00E9B192 /* ScreenshotHTTPTranslationProvider.swift */,
				83CBBB331A601CBA00E9B192 /* ScreenshotTranslationConfiguration.swift */,
				83CBBB371A601CBA00E9B192 /* TranslationSettingsPanel.swift */,
				83CBBB281A601CBA00E9B192 /* ScreenshotTranslationService.swift */,
				83CBBA6D1A601CBA00E9B192 /* PinnedScreenshotWindow.swift */,
				83CBBA721A601CBA00E9B192 /* ScreenshotSelectionWindow.swift */,
				83CBBAAB1A601CBA00E9B192 /* WindowSelectionWindow.swift */,
				83CBBA3A1A601CBA00E9B192 /* SelectionOverlay.swift */,
				83CBBB1A1A601CBA00E9B192 /* SelectionGeometry.swift */,
				83CBBB1E1A601CBA00E9B192 /* SelectionPixelProbe.swift */,
				83CBBB221A601CBA00E9B192 /* SelectionKeyboardBridge.swift */,
				83CBBA3B1A601CBA00E9B192 /* SystemModels.swift */,
				83CBBA3C1A601CBA00E9B192 /* Assets.xcassets */,
				83CBBA3D1A601CBA00E9B192 /* Atlas.entitlements */,
				6FADC86DBF6AF3EA16F0D67A /* CommandPalette */,
			);
			path = Atlas;
			sourceTree = "<group>";
		};
		83CBBA531A601CBA00E9B192 /* AtlasTests */ = {
			isa = PBXGroup;
			children = (
				83CBBA9D1A601CBA00E9B192 /* AtlasCaptureServiceTests.swift */,
				83CBBAA51A601CBA00E9B192 /* WindowCaptureServiceTests.swift */,
				83CBBA691A601CBA00E9B192 /* AtlasBridgeCaptureTests.swift */,
				83CBBB141A601CBA00E9B192 /* AtlasBridgeFeatureTests.swift */,
				83CBBB0A1A601CBA00E9B192 /* AtlasBridgeMonitoringTests.swift */,
				83CBBB0E1A601CBA00E9B192 /* FeatureModelsTests.swift */,
				83CBBB181A601CBA00E9B192 /* FeatureStateTests.swift */,
				83CBBB121A601CBA00E9B192 /* FeatureServiceTests.swift */,
				83CBBB041A601CBA00E9B192 /* MonitoringFFIMapperTests.swift */,
				83CBBB081A601CBA00E9B192 /* MonitoringServiceTests.swift */,
				83CBBA991A601CBA00E9B192 /* ScreenCaptureCoordinateMapperTests.swift */,
				83CBBA9F1A601CBA00E9B192 /* ScreenshotCaptureModeTests.swift */,
				83CBBC021A601CBA00E9B192 /* ScreenshotDragOutputTests.swift */,
				83CBBB3B1A601CBA00E9B192 /* ScreenshotFeatureSettingsTests.swift */,
				83CBBB3F1A601CBA00E9B192 /* ScreenshotFeatureSettingsPanelTests.swift */,
				83CBBBA31A601CBA00E9B192 /* ScreenshotLibraryTests.swift */,
				83CBBBA71A601CBA00E9B192 /* ScreenshotLibraryPanelTests.swift */,
				83CBBBB31A601CBA00E9B192 /* FloatingScreenshotThumbnailWindowTests.swift */,
				83CBBA741A601CBA00E9B192 /* ScreenshotEditorRendererTests.swift */,
				83CBBB261A601CBA00E9B192 /* ScreenshotOCRServiceTests.swift */,
				83CBBB2C1A601CBA00E9B192 /* ScreenshotHTTPTranslationProviderTests.swift */,
				83CBBB311A601CBA00E9B192 /* ScreenshotTranslationConfigurationTests.swift */,
				83CBBB351A601CBA00E9B192 /* TranslationSettingsPanelTests.swift */,
				83CBBB2A1A601CBA00E9B192 /* ScreenshotTranslationServiceTests.swift */,
				83CBBB1C1A601CBA00E9B192 /* SelectionGeometryTests.swift */,
				83CBBB201A601CBA00E9B192 /* SelectionPixelProbeTests.swift */,
				83CBBA3F1A601CBA00E9B192 /* ScreenshotModelsTests.swift */,
				83CBBA651A601CBA00E9B192 /* ScreenshotOutputTests.swift */,
				C13E0161379495141C4E72FE /* CommandPaletteModelsTests.swift */,
				B541902B47B612BFED45441B /* AtlasCommandProviderTests.swift */,
				74A4917760DC5A6DA8BF67C2 /* AppLauncherProviderTests.swift */,
				5E30A530F0213767E0551D5E /* GlobalHotkeyServiceTests.swift */,
				A75E6A854484E3D03D8A606F /* KeyRecorderViewTests.swift */,
				7197E28D112572E9204A1D59 /* ClipboardHistoryProviderTests.swift */,
			);
			path = AtlasTests;
			sourceTree = "<group>";
		};
		83CBBA7D1A601CBA00E9B192 /* Generated */ = {
			isa = PBXGroup;
			children = (
				83CBBA7E1A601CBA00E9B192 /* AtlasFFI */,
			);
			path = Generated;
			sourceTree = "<group>";
		};
		83CBBA7E1A601CBA00E9B192 /* AtlasFFI */ = {
			isa = PBXGroup;
			children = (
				83CBBA781A601CBA00E9B192 /* atlas.swift */,
				83CBBA7A1A601CBA00E9B192 /* atlasFFI.h */,
				83CBBA7B1A601CBA00E9B192 /* atlas_ffi.modulemap */,
				83CBBA7C1A601CBA00E9B192 /* module.modulemap */,
				83CBBA791A601CBA00E9B192 /* libatlas_ffi.a */,
			);
			path = AtlasFFI;
			sourceTree = "<group>";
		};
/* End PBXGroup section */

/* Begin PBXNativeTarget section */
		83CBBA601A601CBA00E9B192 /* Atlas */ = {
			isa = PBXNativeTarget;
			buildConfigurationList = 83CBBA811A601CBA00E9B192 /* Build configuration list for PBXNativeTarget "Atlas" */;
			buildPhases = (
				83CBBA401A601CBA00E9B192 /* Sources */,
				83CBBA411A601CBA00E9B192 /* Frameworks */,
				83CBBA421A601CBA00E9B192 /* Resources */,
			);
			buildRules = (
			);
			dependencies = (
			);
			name = Atlas;
			productName = Atlas;
			productReference = 83CBBA301A601CBA00E9B192 /* Atlas.app */;
			productType = "com.apple.product-type.application";
		};
		83CBBA611A601CBA00E9B192 /* AtlasTests */ = {
			isa = PBXNativeTarget;
			buildConfigurationList = 83CBBA821A601CBA00E9B192 /* Build configuration list for PBXNativeTarget "AtlasTests" */;
			buildPhases = (
				83CBBA451A601CBA00E9B192 /* Sources */,
				83CBBA431A601CBA00E9B192 /* Frameworks */,
				83CBBA441A601CBA00E9B192 /* Resources */,
			);
			buildRules = (
			);
			dependencies = (
				83CBBA621A601CBA00E9B192 /* PBXTargetDependency */,
			);
			name = AtlasTests;
			productName = AtlasTests;
			productReference = 83CBBA4A1A601CBA00E9B192 /* AtlasTests.xctest */;
			productType = "com.apple.product-type.bundle.unit-test";
		};
/* End PBXNativeTarget section */

/* Begin PBXProject section */
		83CBBA701A601CBA00E9B192 /* Project object */ = {
			isa = PBXProject;
			attributes = {
				BuildIndependentTargetsInParallel = 1;
				LastSwiftUpdateCheck = 1600;
				LastUpgradeCheck = 1600;
				TargetAttributes = {
					83CBBA601A601CBA00E9B192 = {
						CreatedOnToolsVersion = 16.0;
					};
					83CBBA611A601CBA00E9B192 = {
						CreatedOnToolsVersion = 16.0;
						TestTargetID = 83CBBA601A601CBA00E9B192;
					};
				};
			};
			buildConfigurationList = 83CBBA801A601CBA00E9B192 /* Build configuration list for PBXProject "Atlas" */;
			compatibilityVersion = "Xcode 14.0";
			developmentRegion = en;
			hasScannedForEncodings = 0;
			knownRegions = (
				en,
				Base,
			);
			mainGroup = 83CBBA501A601CBA00E9B192;
			productRefGroup = 83CBBA511A601CBA00E9B192 /* Products */;
			projectDirPath = "";
			projectRoot = "";
			targets = (
				83CBBA601A601CBA00E9B192 /* Atlas */,
				83CBBA611A601CBA00E9B192 /* AtlasTests */,
			);
		};
/* End PBXProject section */

/* Begin PBXResourcesBuildPhase section */
		83CBBA421A601CBA00E9B192 /* Resources */ = {
			isa = PBXResourcesBuildPhase;
			buildActionMask = 2147483647;
			files = (
				83CBBA2B1A601CBA00E9B192 /* Assets.xcassets in Resources */,
			);
			runOnlyForDeploymentPostprocessing = 0;
		};
		83CBBA441A601CBA00E9B192 /* Resources */ = {
			isa = PBXResourcesBuildPhase;
			buildActionMask = 2147483647;
			files = (
			);
			runOnlyForDeploymentPostprocessing = 0;
		};
/* End PBXResourcesBuildPhase section */

/* Begin PBXSourcesBuildPhase section */
		83CBBA401A601CBA00E9B192 /* Sources */ = {
			isa = PBXSourcesBuildPhase;
			buildActionMask = 2147483647;
			files = (
				83CBBA201A601CBA00E9B192 /* AppFooter.swift in Sources */,
				83CBBD031A601CBA00E9B192 /* GlobalHotkeyService.swift in Sources */,
				83CBBD011A601CBA00E9B192 /* AtlasSettingsView.swift in Sources */,
				83CBBA9A1A601CBA00E9B192 /* AtlasCaptureService.swift in Sources */,
				83CBBAA21A601CBA00E9B192 /* WindowCaptureService.swift in Sources */,
				83CBBA211A601CBA00E9B192 /* AtlasApp.swift in Sources */,
				83CBBA221A601CBA00E9B192 /* AtlasBridge.swift in Sources */,
				83CBBA231A601CBA00E9B192 /* AtlasModule.swift in Sources */,
				83CBBA241A601CBA00E9B192 /* ContentView.swift in Sources */,
				83CBBB0B1A601CBA00E9B192 /* FeatureModels.swift in Sources */,
				83CBBB151A601CBA00E9B192 /* FeatureState.swift in Sources */,
				83CBBB0F1A601CBA00E9B192 /* FeatureService.swift in Sources */,
				83CBBA251A601CBA00E9B192 /* FeatureTogglePanel.swift in Sources */,
				83CBBB011A601CBA00E9B192 /* MonitoringFFIMapper.swift in Sources */,
				83CBBB051A601CBA00E9B192 /* MonitoringService.swift in Sources */,
				83CBBA261A601CBA00E9B192 /* MonitoringPanel.swift in Sources */,
				83CBBA271A601CBA00E9B192 /* PortMasterPanel.swift in Sources */,
				83CBBA281A601CBA00E9B192 /* ScreenshotPanel.swift in Sources */,
				83CBBB381A601CBA00E9B192 /* ScreenshotFeatureSettings.swift in Sources */,
				83CBBB3C1A601CBA00E9B192 /* ScreenshotFeatureSettingsPanel.swift in Sources */,
				83CBBBA01A601CBA00E9B192 /* ScreenshotLibrary.swift in Sources */,
				83CBBBA41A601CBA00E9B192 /* ScreenshotLibraryPanel.swift in Sources */,
				83CBBBB01A601CBA00E9B192 /* FloatingScreenshotThumbnailWindow.swift in Sources */,
				83CBBA961A601CBA00E9B192 /* ScreenCaptureCoordinateMapper.swift in Sources */,
				83CBBAA01A601CBA00E9B192 /* ScreenshotCaptureMode.swift in Sources */,
				83CBBC011A601CBA00E9B192 /* ScreenshotDragOutput.swift in Sources */,
				83CBBA2C1A601CBA00E9B192 /* ScreenshotModels.swift in Sources */,
				83CBBA6B1A601CBA00E9B192 /* ScreenshotEditorView.swift in Sources */,
				83CBBA661A601CBA00E9B192 /* ScreenshotOutput.swift in Sources */,
				83CBBB231A601CBA00E9B192 /* ScreenshotOCRService.swift in Sources */,
				83CBBB2D1A601CBA00E9B192 /* ScreenshotHTTPTranslationProvider.swift in Sources */,
				83CBBB321A601CBA00E9B192 /* ScreenshotTranslationConfiguration.swift in Sources */,
				83CBBB361A601CBA00E9B192 /* TranslationSettingsPanel.swift in Sources */,
				83CBBB271A601CBA00E9B192 /* ScreenshotTranslationService.swift in Sources */,
				83CBBA6C1A601CBA00E9B192 /* PinnedScreenshotWindow.swift in Sources */,
				83CBBA731A601CBA00E9B192 /* ScreenshotSelectionWindow.swift in Sources */,
				83CBBAAA1A601CBA00E9B192 /* WindowSelectionWindow.swift in Sources */,
				83CBBA291A601CBA00E9B192 /* SelectionOverlay.swift in Sources */,
				83CBBB191A601CBA00E9B192 /* SelectionGeometry.swift in Sources */,
				83CBBB1D1A601CBA00E9B192 /* SelectionPixelProbe.swift in Sources */,
				83CBBB211A601CBA00E9B192 /* SelectionKeyboardBridge.swift in Sources */,
				83CBBA2A1A601CBA00E9B192 /* SystemModels.swift in Sources */,
				83CBBA761A601CBA00E9B192 /* atlas.swift in Sources */,
				43A45E9839A874C61D3732CF /* CommandProviding.swift in Sources */,
				A9791A3F33C8D79679756A8D /* CommandPaletteModels.swift in Sources */,
				8909E1D5DE07DA956392B285 /* AtlasCommandProvider.swift in Sources */,
				3052DEBACF5511052EDEECEF /* AppLauncherProvider.swift in Sources */,
				6B2139629E0BCDD1A37681BE /* KeyRecorderView.swift in Sources */,
				A5D2DFDBF2E5A77B59A4F18A /* CommandPaletteView.swift in Sources */,
				F34EA7F848DFDFE7A0732462 /* CommandPaletteController.swift in Sources */,
				962254E057A4493AADD41FE8 /* ClipboardHistoryProvider.swift in Sources */,
			);
			runOnlyForDeploymentPostprocessing = 0;
		};
		83CBBA451A601CBA00E9B192 /* Sources */ = {
			isa = PBXSourcesBuildPhase;
			buildActionMask = 2147483647;
			files = (
				83CBBA9B1A601CBA00E9B192 /* AtlasCaptureServiceTests.swift in Sources */,
				83CBBAA31A601CBA00E9B192 /* WindowCaptureServiceTests.swift in Sources */,
				83CBBA681A601CBA00E9B192 /* AtlasBridgeCaptureTests.swift in Sources */,
				83CBBB131A601CBA00E9B192 /* AtlasBridgeFeatureTests.swift in Sources */,
				83CBBB091A601CBA00E9B192 /* AtlasBridgeMonitoringTests.swift in Sources */,
				83CBBB0C1A601CBA00E9B192 /* FeatureModelsTests.swift in Sources */,
				83CBBB161A601CBA00E9B192 /* FeatureStateTests.swift in Sources */,
				83CBBB101A601CBA00E9B192 /* FeatureServiceTests.swift in Sources */,
				83CBBB021A601CBA00E9B192 /* MonitoringFFIMapperTests.swift in Sources */,
				83CBBB061A601CBA00E9B192 /* MonitoringServiceTests.swift in Sources */,
				83CBBA971A601CBA00E9B192 /* ScreenCaptureCoordinateMapperTests.swift in Sources */,
				83CBBAA11A601CBA00E9B192 /* ScreenshotCaptureModeTests.swift in Sources */,
				83CBBC031A601CBA00E9B192 /* ScreenshotDragOutputTests.swift in Sources */,
				83CBBB3A1A601CBA00E9B192 /* ScreenshotFeatureSettingsTests.swift in Sources */,
				83CBBB3E1A601CBA00E9B192 /* ScreenshotFeatureSettingsPanelTests.swift in Sources */,
				83CBBBA21A601CBA00E9B192 /* ScreenshotLibraryTests.swift in Sources */,
				83CBBBA61A601CBA00E9B192 /* ScreenshotLibraryPanelTests.swift in Sources */,
				83CBBBB21A601CBA00E9B192 /* FloatingScreenshotThumbnailWindowTests.swift in Sources */,
				83CBBA751A601CBA00E9B192 /* ScreenshotEditorRendererTests.swift in Sources */,
				83CBBB251A601CBA00E9B192 /* ScreenshotOCRServiceTests.swift in Sources */,
				83CBBB2B1A601CBA00E9B192 /* ScreenshotHTTPTranslationProviderTests.swift in Sources */,
				83CBBB301A601CBA00E9B192 /* ScreenshotTranslationConfigurationTests.swift in Sources */,
				83CBBB341A601CBA00E9B192 /* TranslationSettingsPanelTests.swift in Sources */,
				83CBBB291A601CBA00E9B192 /* ScreenshotTranslationServiceTests.swift in Sources */,
				83CBBB1B1A601CBA00E9B192 /* SelectionGeometryTests.swift in Sources */,
				83CBBB1F1A601CBA00E9B192 /* SelectionPixelProbeTests.swift in Sources */,
				83CBBA2D1A601CBA00E9B192 /* ScreenshotModelsTests.swift in Sources */,
				83CBBA641A601CBA00E9B192 /* ScreenshotOutputTests.swift in Sources */,
				444DAD4C57A69B27319B3AB1 /* CommandPaletteModelsTests.swift in Sources */,
				5895D19288573E79C2B005FB /* AtlasCommandProviderTests.swift in Sources */,
				76E3235BC56D858AB71B4CF3 /* AppLauncherProviderTests.swift in Sources */,
				37C4BA09529F049C83FA8446 /* GlobalHotkeyServiceTests.swift in Sources */,
				078E066D641E8A352B05A904 /* KeyRecorderViewTests.swift in Sources */,
				94024FC42A48A5F2D890B4E4 /* ClipboardHistoryProviderTests.swift in Sources */,
			);
			runOnlyForDeploymentPostprocessing = 0;
		};
/* End PBXSourcesBuildPhase section */

/* Begin PBXTargetDependency section */
		83CBBA621A601CBA00E9B192 /* PBXTargetDependency */ = {
			isa = PBXTargetDependency;
			target = 83CBBA601A601CBA00E9B192 /* Atlas */;
			targetProxy = 83CBBA631A601CBA00E9B192 /* PBXContainerItemProxy */;
		};
/* End PBXTargetDependency section */

/* Begin XCBuildConfiguration section */
		83CBBA901A601CBA00E9B192 /* Debug */ = {
			isa = XCBuildConfiguration;
			buildSettings = {
				ALWAYS_SEARCH_USER_PATHS = NO;
				CLANG_ANALYZER_NONNULL = YES;
				CLANG_ANALYZER_NUMBER_OBJECT_CONVERSION = YES_AGGRESSIVE;
				CLANG_CXX_LANGUAGE_STANDARD = "gnu++20";
				CLANG_ENABLE_MODULES = YES;
				CLANG_ENABLE_OBJC_ARC = YES;
				CLANG_ENABLE_OBJC_WEAK = YES;
				CLANG_WARN_BLOCK_CAPTURE_AUTORELEASING = YES;
				CLANG_WARN_BOOL_CONVERSION = YES;
				CLANG_WARN_COMMA = YES;
				CLANG_WARN_CONSTANT_CONVERSION = YES;
				CLANG_WARN_DEPRECATED_OBJC_IMPLEMENTATIONS = YES;
				CLANG_WARN_DIRECT_OBJC_ISA_USAGE = YES_ERROR;
				CLANG_WARN_DOCUMENTATION_COMMENTS = YES;
				CLANG_WARN_EMPTY_BODY = YES;
				CLANG_WARN_ENUM_CONVERSION = YES;
				CLANG_WARN_INFINITE_RECURSION = YES;
				CLANG_WARN_INT_CONVERSION = YES;
				CLANG_WARN_NON_LITERAL_NULL_CONVERSION = YES;
				CLANG_WARN_OBJC_IMPLICIT_RETAIN_SELF = YES;
				CLANG_WARN_OBJC_LITERAL_CONVERSION = YES;
				CLANG_WARN_OBJC_ROOT_CLASS = YES_ERROR;
				CLANG_WARN_QUOTED_INCLUDE_IN_FRAMEWORK_HEADER = YES;
				CLANG_WARN_RANGE_LOOP_ANALYSIS = YES;
				CLANG_WARN_STRICT_PROTOTYPES = YES;
				CLANG_WARN_SUSPICIOUS_MOVE = YES;
				CLANG_WARN_UNGUARDED_AVAILABILITY = YES_AGGRESSIVE;
				CLANG_WARN_UNREACHABLE_CODE = YES;
				CLANG_WARN__DUPLICATE_METHOD_MATCH = YES;
				COPY_PHASE_STRIP = NO;
				DEBUG_INFORMATION_FORMAT = dwarf;
				ENABLE_STRICT_OBJC_MSGSEND = YES;
				ENABLE_TESTABILITY = YES;
				GCC_C_LANGUAGE_STANDARD = gnu17;
				GCC_DYNAMIC_NO_PIC = NO;
				GCC_NO_COMMON_BLOCKS = YES;
				GCC_OPTIMIZATION_LEVEL = 0;
				GCC_PREPROCESSOR_DEFINITIONS = (
					"DEBUG=1",
					"$(inherited)",
				);
				GCC_WARN_64_TO_32_BIT_CONVERSION = YES;
				GCC_WARN_ABOUT_RETURN_TYPE = YES_ERROR;
				GCC_WARN_UNDECLARED_SELECTOR = YES;
				GCC_WARN_UNINITIALIZED_AUTOS = YES_AGGRESSIVE;
				GCC_WARN_UNUSED_FUNCTION = YES;
				GCC_WARN_UNUSED_VARIABLE = YES;
				MACOSX_DEPLOYMENT_TARGET = 13.0;
				MTL_ENABLE_DEBUG_INFO = INCLUDE_SOURCE;
				MTL_FAST_MATH = YES;
				ONLY_ACTIVE_ARCH = YES;
				SDKROOT = macosx;
				SWIFT_ACTIVE_COMPILATION_CONDITIONS = DEBUG;
				SWIFT_OPTIMIZATION_LEVEL = "-Onone";
			};
			name = Debug;
		};
		83CBBA911A601CBA00E9B192 /* Release */ = {
			isa = XCBuildConfiguration;
			buildSettings = {
				ALWAYS_SEARCH_USER_PATHS = NO;
				CLANG_ANALYZER_NONNULL = YES;
				CLANG_ANALYZER_NUMBER_OBJECT_CONVERSION = YES_AGGRESSIVE;
				CLANG_CXX_LANGUAGE_STANDARD = "gnu++20";
				CLANG_ENABLE_MODULES = YES;
				CLANG_ENABLE_OBJC_ARC = YES;
				CLANG_ENABLE_OBJC_WEAK = YES;
				CLANG_WARN_BLOCK_CAPTURE_AUTORELEASING = YES;
				CLANG_WARN_BOOL_CONVERSION = YES;
				CLANG_WARN_COMMA = YES;
				CLANG_WARN_CONSTANT_CONVERSION = YES;
				CLANG_WARN_DEPRECATED_OBJC_IMPLEMENTATIONS = YES;
				CLANG_WARN_DIRECT_OBJC_ISA_USAGE = YES_ERROR;
				CLANG_WARN_DOCUMENTATION_COMMENTS = YES;
				CLANG_WARN_EMPTY_BODY = YES;
				CLANG_WARN_ENUM_CONVERSION = YES;
				CLANG_WARN_INFINITE_RECURSION = YES;
				CLANG_WARN_INT_CONVERSION = YES;
				CLANG_WARN_NON_LITERAL_NULL_CONVERSION = YES;
				CLANG_WARN_OBJC_IMPLICIT_RETAIN_SELF = YES;
				CLANG_WARN_OBJC_LITERAL_CONVERSION = YES;
				CLANG_WARN_OBJC_ROOT_CLASS = YES_ERROR;
				CLANG_WARN_QUOTED_INCLUDE_IN_FRAMEWORK_HEADER = YES;
				CLANG_WARN_RANGE_LOOP_ANALYSIS = YES;
				CLANG_WARN_STRICT_PROTOTYPES = YES;
				CLANG_WARN_SUSPICIOUS_MOVE = YES;
				CLANG_WARN_UNGUARDED_AVAILABILITY = YES_AGGRESSIVE;
				CLANG_WARN_UNREACHABLE_CODE = YES;
				CLANG_WARN__DUPLICATE_METHOD_MATCH = YES;
				COPY_PHASE_STRIP = NO;
				DEBUG_INFORMATION_FORMAT = "dwarf-with-dsym";
				ENABLE_NS_ASSERTIONS = NO;
				ENABLE_STRICT_OBJC_MSGSEND = YES;
				GCC_C_LANGUAGE_STANDARD = gnu17;
				GCC_NO_COMMON_BLOCKS = YES;
				GCC_WARN_64_TO_32_BIT_CONVERSION = YES;
				GCC_WARN_ABOUT_RETURN_TYPE = YES_ERROR;
				GCC_WARN_UNDECLARED_SELECTOR = YES;
				GCC_WARN_UNINITIALIZED_AUTOS = YES_AGGRESSIVE;
				GCC_WARN_UNUSED_FUNCTION = YES;
				GCC_WARN_UNUSED_VARIABLE = YES;
				MACOSX_DEPLOYMENT_TARGET = 13.0;
				MTL_FAST_MATH = YES;
				SDKROOT = macosx;
				SWIFT_COMPILATION_MODE = wholemodule;
			};
			name = Release;
		};
		83CBBA921A601CBA00E9B192 /* Debug */ = {
			isa = XCBuildConfiguration;
			buildSettings = {
				ASSETCATALOG_COMPILER_APPICON_NAME = AppIcon;
				ASSETCATALOG_COMPILER_GLOBAL_ACCENT_COLOR_NAME = AccentColor;
				CODE_SIGN_ENTITLEMENTS = Atlas/Atlas.entitlements;
				CODE_SIGN_STYLE = Automatic;
				COMBINE_HIDPI_IMAGES = YES;
				CURRENT_PROJECT_VERSION = 1;
				GENERATE_INFOPLIST_FILE = YES;
				INFOPLIST_KEY_LSUIElement = YES;
				INFOPLIST_KEY_NSHumanReadableCopyright = "";
				INFOPLIST_KEY_NSScreenCaptureUsageDescription = "Atlas captures the screen to take screenshots.";
				LD_RUNPATH_SEARCH_PATHS = (
					"$(inherited)",
					"@executable_path/../Frameworks",
				);
				LIBRARY_SEARCH_PATHS = "$(SRCROOT)/Generated/AtlasFFI";
				MACOSX_DEPLOYMENT_TARGET = 13.0;
				MARKETING_VERSION = 1.0;
				OTHER_LDFLAGS = (
					"$(inherited)",
					"-lresolv",
				);
				PRODUCT_BUNDLE_IDENTIFIER = ai.atlas.app;
				PRODUCT_NAME = "$(TARGET_NAME)";
				SWIFT_EMIT_LOC_STRINGS = YES;
				SWIFT_INCLUDE_PATHS = "$(SRCROOT)/Generated/AtlasFFI";
				SWIFT_VERSION = 5.0;
			};
			name = Debug;
		};
		83CBBA931A601CBA00E9B192 /* Release */ = {
			isa = XCBuildConfiguration;
			buildSettings = {
				ASSETCATALOG_COMPILER_APPICON_NAME = AppIcon;
				ASSETCATALOG_COMPILER_GLOBAL_ACCENT_COLOR_NAME = AccentColor;
				CODE_SIGN_ENTITLEMENTS = Atlas/Atlas.entitlements;
				CODE_SIGN_STYLE = Automatic;
				COMBINE_HIDPI_IMAGES = YES;
				CURRENT_PROJECT_VERSION = 1;
				GENERATE_INFOPLIST_FILE = YES;
				INFOPLIST_KEY_LSUIElement = YES;
				INFOPLIST_KEY_NSHumanReadableCopyright = "";
				INFOPLIST_KEY_NSScreenCaptureUsageDescription = "Atlas captures the screen to take screenshots.";
				LD_RUNPATH_SEARCH_PATHS = (
					"$(inherited)",
					"@executable_path/../Frameworks",
				);
				LIBRARY_SEARCH_PATHS = "$(SRCROOT)/Generated/AtlasFFI";
				MACOSX_DEPLOYMENT_TARGET = 13.0;
				MARKETING_VERSION = 1.0;
				OTHER_LDFLAGS = (
					"$(inherited)",
					"-lresolv",
				);
				PRODUCT_BUNDLE_IDENTIFIER = ai.atlas.app;
				PRODUCT_NAME = "$(TARGET_NAME)";
				SWIFT_EMIT_LOC_STRINGS = YES;
				SWIFT_INCLUDE_PATHS = "$(SRCROOT)/Generated/AtlasFFI";
				SWIFT_VERSION = 5.0;
			};
			name = Release;
		};
		83CBBA941A601CBA00E9B192 /* Debug */ = {
			isa = XCBuildConfiguration;
			buildSettings = {
				BUNDLE_LOADER = "$(TEST_HOST)";
				CODE_SIGN_STYLE = Automatic;
				CURRENT_PROJECT_VERSION = 1;
				GENERATE_INFOPLIST_FILE = YES;
				LD_RUNPATH_SEARCH_PATHS = (
					"$(inherited)",
					"@executable_path/../Frameworks",
					"@loader_path/../Frameworks",
				);
				MACOSX_DEPLOYMENT_TARGET = 13.0;
				MARKETING_VERSION = 1.0;
				PRODUCT_BUNDLE_IDENTIFIER = ai.atlas.app.tests;
				PRODUCT_NAME = "$(TARGET_NAME)";
				SWIFT_EMIT_LOC_STRINGS = NO;
				SWIFT_INCLUDE_PATHS = "$(SRCROOT)/Generated/AtlasFFI";
				SWIFT_VERSION = 5.0;
				TEST_HOST = "$(BUILT_PRODUCTS_DIR)/Atlas.app/Contents/MacOS/Atlas";
			};
			name = Debug;
		};
		83CBBA951A601CBA00E9B192 /* Release */ = {
			isa = XCBuildConfiguration;
			buildSettings = {
				BUNDLE_LOADER = "$(TEST_HOST)";
				CODE_SIGN_STYLE = Automatic;
				CURRENT_PROJECT_VERSION = 1;
				GENERATE_INFOPLIST_FILE = YES;
				LD_RUNPATH_SEARCH_PATHS = (
					"$(inherited)",
					"@executable_path/../Frameworks",
					"@loader_path/../Frameworks",
				);
				MACOSX_DEPLOYMENT_TARGET = 13.0;
				MARKETING_VERSION = 1.0;
				PRODUCT_BUNDLE_IDENTIFIER = ai.atlas.app.tests;
				PRODUCT_NAME = "$(TARGET_NAME)";
				SWIFT_EMIT_LOC_STRINGS = NO;
				SWIFT_INCLUDE_PATHS = "$(SRCROOT)/Generated/AtlasFFI";
				SWIFT_VERSION = 5.0;
				TEST_HOST = "$(BUILT_PRODUCTS_DIR)/Atlas.app/Contents/MacOS/Atlas";
			};
			name = Release;
		};
/* End XCBuildConfiguration section */

/* Begin XCConfigurationList section */
		83CBBA801A601CBA00E9B192 /* Build configuration list for PBXProject "Atlas" */ = {
			isa = XCConfigurationList;
			buildConfigurations = (
				83CBBA901A601CBA00E9B192 /* Debug */,
				83CBBA911A601CBA00E9B192 /* Release */,
			);
			defaultConfigurationIsVisible = 0;
			defaultConfigurationName = Release;
		};
		83CBBA811A601CBA00E9B192 /* Build configuration list for PBXNativeTarget "Atlas" */ = {
			isa = XCConfigurationList;
			buildConfigurations = (
				83CBBA921A601CBA00E9B192 /* Debug */,
				83CBBA931A601CBA00E9B192 /* Release */,
			);
			defaultConfigurationIsVisible = 0;
			defaultConfigurationName = Release;
		};
		83CBBA821A601CBA00E9B192 /* Build configuration list for PBXNativeTarget "AtlasTests" */ = {
			isa = XCConfigurationList;
			buildConfigurations = (
				83CBBA941A601CBA00E9B192 /* Debug */,
				83CBBA951A601CBA00E9B192 /* Release */,
			);
			defaultConfigurationIsVisible = 0;
			defaultConfigurationName = Release;
		};
/* End XCConfigurationList section */
	};
	rootObject = 83CBBA701A601CBA00E9B192 /* Project object */;
}
